// !$*UTF8*$!
{
	archiveVersion = 1;
	classes = {
	};
	objectVersion = 50;
	objects = {

/* Begin PBXBuildFile section */
		700B2E16230E5FC100DC35F1 /* PaypalLoader.swift in Sources */ = {isa = PBXBuildFile; fileRef = 700B2E15230E5FC100DC35F1 /* PaypalLoader.swift */; };
		7011767E22F017520078031B /* AppDelegate.swift in Sources */ = {isa = PBXBuildFile; fileRef = 7011767D22F017520078031B /* AppDelegate.swift */; };
		7011768022F017520078031B /* ViewController.swift in Sources */ = {isa = PBXBuildFile; fileRef = 7011767F22F017520078031B /* ViewController.swift */; };
		7011768322F017520078031B /* Main.storyboard in Resources */ = {isa = PBXBuildFile; fileRef = 7011768122F017520078031B /* Main.storyboard */; };
		7011768522F017630078031B /* Assets.xcassets in Resources */ = {isa = PBXBuildFile; fileRef = 7011768422F017630078031B /* Assets.xcassets */; };
		7011768822F017630078031B /* LaunchScreen.storyboard in Resources */ = {isa = PBXBuildFile; fileRef = 7011768622F017630078031B /* LaunchScreen.storyboard */; };
		7011769022F05B6C0078031B /* CustomTimer.swift in Sources */ = {isa = PBXBuildFile; fileRef = 7011768F22F05B6C0078031B /* CustomTimer.swift */; };
		703D5D0522FBFDC400A79143 /* CustomLoader.swift in Sources */ = {isa = PBXBuildFile; fileRef = 703D5D0422FBFDC400A79143 /* CustomLoader.swift */; };
		703D5D2A22FD77FF00A79143 /* AnimateViewController.swift in Sources */ = {isa = PBXBuildFile; fileRef = 703D5D2922FD77FF00A79143 /* AnimateViewController.swift */; };
		70BFFE6422F0602400996795 /* TimerViewController.swift in Sources */ = {isa = PBXBuildFile; fileRef = 70BFFE6322F0602400996795 /* TimerViewController.swift */; };
		70FFE58723015D6500035C99 /* SpinnerView.swift in Sources */ = {isa = PBXBuildFile; fileRef = 70FFE58623015D6500035C99 /* SpinnerView.swift */; };
/* End PBXBuildFile section */

/* Begin PBXFileReference section */
		700B2E15230E5FC100DC35F1 /* PaypalLoader.swift */ = {isa = PBXFileReference; lastKnownFileType = sourcecode.swift; path = PaypalLoader.swift; sourceTree = "<group>"; };
		7011767A22F017520078031B /* sample.app */ = {isa = PBXFileReference; explicitFileType = wrapper.application; includeInIndex = 0; path = sample.app; sourceTree = BUILT_PRODUCTS_DIR; };
		7011767D22F017520078031B /* AppDelegate.swift */ = {isa = PBXFileReference; lastKnownFileType = sourcecode.swift; path = AppDelegate.swift; sourceTree = "<group>"; };
		7011767F22F017520078031B /* ViewController.swift */ = {isa = PBXFileReference; lastKnownFileType = sourcecode.swift; path = ViewController.swift; sourceTree = "<group>"; };
		7011768222F017520078031B /* Base */ = {isa = PBXFileReference; lastKnownFileType = file.storyboard; name = Base; path = Base.lproj/Main.storyboard; sourceTree = "<group>"; };
		7011768422F017630078031B /* Assets.xcassets */ = {isa = PBXFileReference; lastKnownFileType = folder.assetcatalog; path = Assets.xcassets; sourceTree = "<group>"; };
		7011768722F017630078031B /* Base */ = {isa = PBXFileReference; lastKnownFileType = file.storyboard; name = Base; path = Base.lproj/LaunchScreen.storyboard; sourceTree = "<group>"; };
		7011768922F017630078031B /* Info.plist */ = {isa = PBXFileReference; lastKnownFileType = text.plist.xml; path = Info.plist; sourceTree = "<group>"; };
		7011768F22F05B6C0078031B /* CustomTimer.swift */ = {isa = PBXFileReference; lastKnownFileType = sourcecode.swift; path = CustomTimer.swift; sourceTree = "<group>"; };
		703D5D0422FBFDC400A79143 /* CustomLoader.swift */ = {isa = PBXFileReference; lastKnownFileType = sourcecode.swift; path = CustomLoader.swift; sourceTree = "<group>"; };
		703D5D2922FD77FF00A79143 /* AnimateViewController.swift */ = {isa = PBXFileReference; lastKnownFileType = sourcecode.swift; path = AnimateViewController.swift; sourceTree = "<group>"; };
		70BFFE6322F0602400996795 /* TimerViewController.swift */ = {isa = PBXFileReference; lastKnownFileType = sourcecode.swift; path = TimerViewController.swift; sourceTree = "<group>"; };
		70FFE58623015D6500035C99 /* SpinnerView.swift */ = {isa = PBXFileReference; lastKnownFileType = sourcecode.swift; path = SpinnerView.swift; sourceTree = "<group>"; };
/* End PBXFileReference section */

/* Begin PBXFrameworksBuildPhase section */
		7011767722F017520078031B /* Frameworks */ = {
			isa = PBXFrameworksBuildPhase;
			buildActionMask = 2147483647;
			files = (
			);
			runOnlyForDeploymentPostprocessing = 0;
		};
/* End PBXFrameworksBuildPhase section */

/* Begin PBXGroup section */
		7011767122F017520078031B = {
			isa = PBXGroup;
			children = (
				7011767C22F017520078031B /* sample */,
				7011767B22F017520078031B /* Products */,
			);
			sourceTree = "<group>";
		};
		7011767B22F017520078031B /* Products */ = {
			isa = PBXGroup;
			children = (
				7011767A22F017520078031B /* sample.app */,
			);
			name = Products;
			sourceTree = "<group>";
		};
		7011767C22F017520078031B /* sample */ = {
			isa = PBXGroup;
			children = (
				7011767D22F017520078031B /* AppDelegate.swift */,
				7011767F22F017520078031B /* ViewController.swift */,
				7011768122F017520078031B /* Main.storyboard */,
				700B2E15230E5FC100DC35F1 /* PaypalLoader.swift */,
				703D5D0422FBFDC400A79143 /* CustomLoader.swift */,
				70FFE58623015D6500035C99 /* SpinnerView.swift */,
				703D5D2922FD77FF00A79143 /* AnimateViewController.swift */,
				7011768F22F05B6C0078031B /* CustomTimer.swift */,
				70BFFE6322F0602400996795 /* TimerViewController.swift */,
				7011768422F017630078031B /* Assets.xcassets */,
				7011768622F017630078031B /* LaunchScreen.storyboard */,
				7011768922F017630078031B /* Info.plist */,
			);
			path = sample;
			sourceTree = "<group>";
		};
/* End PBXGroup section */

/* Begin PBXNativeTarget section */
		7011767922F017520078031B /* sample */ = {
			isa = PBXNativeTarget;
			buildConfigurationList = 7011768C22F017630078031B /* Build configuration list for PBXNativeTarget "sample" */;
			buildPhases = (
				7011767622F017520078031B /* Sources */,
				7011767722F017520078031B /* Frameworks */,
				7011767822F017520078031B /* Resources */,
			);
			buildRules = (
			);
			dependencies = (
			);
			name = sample;
			productName = sample;
			productReference = 7011767A22F017520078031B /* sample.app */;
			productType = "com.apple.product-type.application";
		};
/* End PBXNativeTarget section */

/* Begin PBXProject section */
		7011767222F017520078031B /* Project object */ = {
			isa = PBXProject;
			attributes = {
				LastSwiftUpdateCheck = 1020;
				LastUpgradeCheck = 1020;
				ORGANIZATIONNAME = "Vinay Raj K";
				TargetAttributes = {
					7011767922F017520078031B = {
						CreatedOnToolsVersion = 10.2;
					};
				};
			};
			buildConfigurationList = 7011767522F017520078031B /* Build configuration list for PBXProject "sample" */;
			compatibilityVersion = "Xcode 9.3";
			developmentRegion = en;
			hasScannedForEncodings = 0;
			knownRegions = (
				en,
				Base,
			);
			mainGroup = 7011767122F017520078031B;
			productRefGroup = 7011767B22F017520078031B /* Products */;
			projectDirPath = "";
			projectRoot = "";
			targets = (
				7011767922F017520078031B /* sample */,
			);
		};
/* End PBXProject section */

/* Begin PBXResourcesBuildPhase section */
		7011767822F017520078031B /* Resources */ = {
			isa = PBXResourcesBuildPhase;
			buildActionMask = 2147483647;
			files = (
				7011768822F017630078031B /* LaunchScreen.storyboard in Resources */,
				7011768522F017630078031B /* Assets.xcassets in Resources */,
				7011768322F017520078031B /* Main.storyboard in Resources */,
			);
			runOnlyForDeploymentPostprocessing = 0;
		};
/* End PBXResourcesBuildPhase section */

/* Begin PBXSourcesBuildPhase section */
		7011767622F017520078031B /* Sources */ = {
			isa = PBXSourcesBuildPhase;
			buildActionMask = 2147483647;
			files = (
				70BFFE6422F0602400996795 /* TimerViewController.swift in Sources */,
				703D5D2A22FD77FF00A79143 /* AnimateViewController.swift in Sources */,
				7011769022F05B6C0078031B /* CustomTimer.swift in Sources */,
				700B2E16230E5FC100DC35F1 /* PaypalLoader.swift in Sources */,
				7011768022F017520078031B /* ViewController.swift in Sources */,
				7011767E22F017520078031B /* AppDelegate.swift in Sources */,
				703D5D0522FBFDC400A79143 /* CustomLoader.swift in Sources */,
				70FFE58723015D6500035C99 /* SpinnerView.swift in Sources */,
			);
			runOnlyForDeploymentPostprocessing = 0;
		};
/* End PBXSourcesBuildPhase section */

/* Begin PBXVariantGroup section */
		7011768122F017520078031B /* Main.storyboard */ = {
			isa = PBXVariantGroup;
			children = (
				7011768222F017520078031B /* Base */,
			);
			name = Main.storyboard;
			sourceTree = "<group>";
		};
		7011768622F017630078031B /* LaunchScreen.storyboard */ = {
			isa = PBXVariantGroup;
			children = (
				7011768722F017630078031B /* Base */,
			);
			name = LaunchScreen.storyboard;
			sourceTree = "<group>";
		};
/* End PBXVariantGroup section */

/* Begin XCBuildConfiguration section */
		7011768A22F017630078031B /* Debug */ = {
			isa = XCBuildConfiguration;
			buildSettings = {
				ALWAYS_SEARCH_USER_PATHS = NO;
				CLANG_ANALYZER_NONNULL = YES;
				CLANG_ANALYZER_NUMBER_OBJECT_CONVERSION = YES_AGGRESSIVE;
				CLANG_CXX_LANGUAGE_STANDARD = "gnu++14";
				CLANG_CXX_LIBRARY = "libc++";
				CLANG_ENABLE_MODULES = YES;
				CLANG_ENABLE_OBJC_ARC = YES;
				CLANG_ENABLE_OBJC_WEAK = YES;
				CLANG_WARN_BLOCK_CAPTURE_AUTORELEASING = YES;
				CLANG_WARN_BOOL_CONVERSION = YES;
				CLANG_WARN_COMMA = YES;
				CLANG_WARN_CONSTANT_CONVERSION = YES;
				CLANG_WARN_DEPRECATED_OBJC_IMPLEMENTATIONS = YES;
				CLANG_WARN_DIRECT_OBJC_ISA_USAGE = YES_ERROR;
				CLANG_WARN_DOCUMENTATION_COMMENTS = YES;
				CLANG_WARN_EMPTY_BODY = YES;
				CLANG_WARN_ENUM_CONVERSION = YES;
				CLANG_WARN_INFINITE_RECURSION = YES;
				CLANG_WARN_INT_CONVERSION = YES;
				CLANG_WARN_NON_LITERAL_NULL_CONVERSION = YES;
				CLANG_WARN_OBJC_IMPLICIT_RETAIN_SELF = YES;
				CLANG_WARN_OBJC_LITERAL_CONVERSION = YES;
				CLANG_WARN_OBJC_ROOT_CLASS = YES_ERROR;
				CLANG_WARN_RANGE_LOOP_ANALYSIS = YES;
				CLANG_WARN_STRICT_PROTOTYPES = YES;
				CLANG_WARN_SUSPICIOUS_MOVE = YES;
				CLANG_WARN_UNGUARDED_AVAILABILITY = YES_AGGRESSIVE;
				CLANG_WARN_UNREACHABLE_CODE = YES;
				CLANG_WARN__DUPLICATE_METHOD_MATCH = YES;
				CODE_SIGN_IDENTITY = "iPhone Developer";
				COPY_PHASE_STRIP = NO;
				DEBUG_INFORMATION_FORMAT = dwarf;
				ENABLE_STRICT_OBJC_MSGSEND = YES;
				ENABLE_TESTABILITY = YES;
				GCC_C_LANGUAGE_STANDARD = gnu11;
				GCC_DYNAMIC_NO_PIC = NO;
				GCC_NO_COMMON_BLOCKS = YES;
				GCC_OPTIMIZATION_LEVEL = 0;
				GCC_PREPROCESSOR_DEFINITIONS = (
					"DEBUG=1",
					"$(inherited)",
				);
				GCC_WARN_64_TO_32_BIT_CONVERSION = YES;
				GCC_WARN_ABOUT_RETURN_TYPE = YES_ERROR;
				GCC_WARN_UNDECLARED_SELECTOR = YES;
				GCC_WARN_UNINITIALIZED_AUTOS = YES_AGGRESSIVE;
				GCC_WARN_UNUSED_FUNCTION = YES;
				GCC_WARN_UNUSED_VARIABLE = YES;
				IPHONEOS_DEPLOYMENT_TARGET = 12.2;
				MTL_ENABLE_DEBUG_INFO = INCLUDE_SOURCE;
				MTL_FAST_MATH = YES;
				ONLY_ACTIVE_ARCH = YES;
				SDKROOT = iphoneos;
				SWIFT_ACTIVE_COMPILATION_CONDITIONS = DEBUG;
				SWIFT_OPTIMIZATION_LEVEL = "-Onone";
			};
			name = Debug;
		};
		7011768B22F017630078031B /* Release */ = {
			isa = XCBuildConfiguration;
			buildSettings = {
				ALWAYS_SEARCH_USER_PATHS = NO;
				CLANG_ANALYZER_NONNULL = YES;
				CLANG_ANALYZER_NUMBER_OBJECT_CONVERSION = YES_AGGRESSIVE;
				CLANG_CXX_LANGUAGE_STANDARD = "gnu++14";
				CLANG_CXX_LIBRARY = "libc++";
				CLANG_ENABLE_MODULES = YES;
				CLANG_ENABLE_OBJC_ARC = YES;
				CLANG_ENABLE_OBJC_WEAK = YES;
				CLANG_WARN_BLOCK_CAPTURE_AUTORELEASING = YES;
				CLANG_WARN_BOOL_CONVERSION = YES;
				CLANG_WARN_COMMA = YES;
				CLANG_WARN_CONSTANT_CONVERSION = YES;
				CLANG_WARN_DEPRECATED_OBJC_IMPLEMENTATIONS = YES;
				CLANG_WARN_DIRECT_OBJC_ISA_USAGE = YES_ERROR;
				CLANG_WARN_DOCUMENTATION_COMMENTS = YES;
				CLANG_WARN_EMPTY_BODY = YES;
				CLANG_WARN_ENUM_CONVERSION = YES;
				CLANG_WARN_INFINITE_RECURSION = YES;
				CLANG_WARN_INT_CONVERSION = YES;
				CLANG_WARN_NON_LITERAL_NULL_CONVERSION = YES;
				CLANG_WARN_OBJC_IMPLICIT_RETAIN_SELF = YES;
				CLANG_WARN_OBJC_LITERAL_CONVERSION = YES;
				CLANG_WARN_OBJC_ROOT_CLASS = YES_ERROR;
				CLANG_WARN_RANGE_LOOP_ANALYSIS = YES;
				CLANG_WARN_STRICT_PROTOTYPES = YES;
				CLANG_WARN_SUSPICIOUS_MOVE = YES;
				CLANG_WARN_UNGUARDED_AVAILABILITY = YES_AGGRESSIVE;
				CLANG_WARN_UNREACHABLE_CODE = YES;
				CLANG_WARN__DUPLICATE_METHOD_MATCH = YES;
				CODE_SIGN_IDENTITY = "iPhone Developer";
				COPY_PHASE_STRIP = NO;
				DEBUG_INFORMATION_FORMAT = "dwarf-with-dsym";
				ENABLE_NS_ASSERTIONS = NO;
				ENABLE_STRICT_OBJC_MSGSEND = YES;
				GCC_C_LANGUAGE_STANDARD = gnu11;
				GCC_NO_COMMON_BLOCKS = YES;
				GCC_WARN_64_TO_32_BIT_CONVERSION = YES;
				GCC_WARN_ABOUT_RETURN_TYPE = YES_ERROR;
				GCC_WARN_UNDECLARED_SELECTOR = YES;
				GCC_WARN_UNINITIALIZED_AUTOS = YES_AGGRESSIVE;
				GCC_WARN_UNUSED_FUNCTION = YES;
				GCC_WARN_UNUSED_VARIABLE = YES;
				IPHONEOS_DEPLOYMENT_TARGET = 12.2;
				MTL_ENABLE_DEBUG_INFO = NO;
				MTL_FAST_MATH = YES;
				SDKROOT = iphoneos;
				SWIFT_COMPILATION_MODE = wholemodule;
				SWIFT_OPTIMIZATION_LEVEL = "-O";
				VALIDATE_PRODUCT = YES;
			};
			name = Release;
		};
		7011768D22F017630078031B /* Debug */ = {
			isa = XCBuildConfiguration;
			buildSettings = {
				ASSETCATALOG_COMPILER_APPICON_NAME = AppIcon;
				CODE_SIGN_STYLE = Automatic;
				DEVELOPMENT_TEAM = GKW5VSH22R;
				INFOPLIST_FILE = sample/Info.plist;
				IPHONEOS_DEPLOYMENT_TARGET = 12.0;
				LD_RUNPATH_SEARCH_PATHS = (
					"$(inherited)",
					"@executable_path/Frameworks",
				);
				PRODUCT_BUNDLE_IDENTIFIER = infy.sample;
				PRODUCT_NAME = "$(TARGET_NAME)";
				SWIFT_VERSION = 5.0;
				TARGETED_DEVICE_FAMILY = "1,2";
			};
			name = Debug;
		};
		7011768E22F017630078031B /* Release */ = {
			isa = XCBuildConfiguration;
			buildSettings = {
				ASSETCATALOG_COMPILER_APPICON_NAME = AppIcon;
				CODE_SIGN_STYLE = Automatic;
				DEVELOPMENT_TEAM = GKW5VSH22R;
				INFOPLIST_FILE = sample/Info.plist;
				IPHONEOS_DEPLOYMENT_TARGET = 12.0;
				LD_RUNPATH_SEARCH_PATHS = (
					"$(inherited)",
					"@executable_path/Frameworks",
				);
				PRODUCT_BUNDLE_IDENTIFIER = infy.sample;
				PRODUCT_NAME = "$(TARGET_NAME)";
				SWIFT_VERSION = 5.0;
				TARGETED_DEVICE_FAMILY = "1,2";
			};
			name = Release;
		};
/* End XCBuildConfiguration section */

/* Begin XCConfigurationList section */
		7011767522F017520078031B /* Build configuration list for PBXProject "sample" */ = {
			isa = XCConfigurationList;
			buildConfigurations = (
				7011768A22F017630078031B /* Debug */,
				7011768B22F017630078031B /* Release */,
			);
			defaultConfigurationIsVisible = 0;
			defaultConfigurationName = Release;
		};
		7011768C22F017630078031B /* Build configuration list for PBXNativeTarget "sample" */ = {
			isa = XCConfigurationList;
			buildConfigurations = (
				7011768D22F017630078031B /* Debug */,
				7011768E22F017630078031B /* Release */,
			);
			defaultConfigurationIsVisible = 0;
			defaultConfigurationName = Release;
		};
/* End XCConfigurationList section */
	};
	rootObject = 7011767222F017520078031B /* Project object */;
}
